<?xml version="1.0" encoding="utf-8"?>
<Project ToolsVersion="4.0" xmlns="http://schemas.microsoft.com/developer/msbuild/2003">
  <ItemGroup>
    <Filter Include="Source Files">
      <UniqueIdentifier>{4FC737F1-C7A5-4376-A066-2A32D752A2FF}</UniqueIdentifier>
      <Extensions>cpp;c;cc;cxx;def;odl;idl;hpj;bat;asm;asmx</Extensions>
    </Filter>
    <Filter Include="Source Files\eProsima">
      <UniqueIdentifier>{684de751-df37-4947-a4f6-b9fc1058b93a}</UniqueIdentifier>
    </Filter>
    <Filter Include="Source Files\reader">
      <UniqueIdentifier>{282af57a-819e-43b6-890f-24f1b81397a5}</UniqueIdentifier>
    </Filter>
    <Filter Include="Source Files\database">
      <UniqueIdentifier>{102847a8-a002-471f-9829-7e2a4bc6af10}</UniqueIdentifier>
    </Filter>
    <Filter Include="Header Files">
      <UniqueIdentifier>{93995380-89BD-4b04-88EB-625FBE52EBFB}</UniqueIdentifier>
      <Extensions>h;hpp;hxx;hm;inl;inc;xsd</Extensions>
    </Filter>
    <Filter Include="Header Files\eProsima">
      <UniqueIdentifier>{8f65a4a8-652f-4372-9f33-27452fae4497}</UniqueIdentifier>
    </Filter>
    <Filter Include="Header Files\reader">
      <UniqueIdentifier>{8829e7f9-c9ea-4bf2-9588-9ae4d37a5988}</UniqueIdentifier>
    </Filter>
    <Filter Include="Header Files\database">
      <UniqueIdentifier>{c22630cb-823a-4f7b-bda3-ec076e49d679}</UniqueIdentifier>
    </Filter>
    <Filter Include="Resource Files">
      <UniqueIdentifier>{67DA6AB6-F800-4c08-8B7A-83BB121AAD01}</UniqueIdentifier>
      <Extensions>rc;ico;cur;bmp;dlg;rc2;rct;bin;rgs;gif;jpg;jpeg;jpe;resx;tiff;tif;png;wav</Extensions>
    </Filter>
    <Filter Include="Header Files\cdr">
      <UniqueIdentifier>{d3edf7d5-3212-4245-97de-a6566ef458bd}</UniqueIdentifier>
    </Filter>
    <Filter Include="Source Files\cdr">
      <UniqueIdentifier>{718ce660-f18a-4a0f-8382-5c5be5cd9acc}</UniqueIdentifier>
    </Filter>
    <Filter Include="Header Files\util">
      <UniqueIdentifier>{ca0aaef6-d063-491f-baf8-b4fa0e577b23}</UniqueIdentifier>
    </Filter>
    <Filter Include="Source Files\util">
      <UniqueIdentifier>{d4104665-7c87-40a2-b89d-bd3b9bd560df}</UniqueIdentifier>
    </Filter>
  </ItemGroup>
  <ItemGroup>
    <ClCompile Include="..\..\..\src\main.cpp">
      <Filter>Source Files</Filter>
    </ClCompile>
    <ClCompile Include="..\..\..\src\RTPSdump.cpp">
      <Filter>Source Files</Filter>
    </ClCompile>
    <ClCompile Include="..\..\..\src\RTPSPacketAnalyzer.cpp">
      <Filter>Source Files</Filter>
    </ClCompile>
    <ClCompile Include="..\..\..\..\..\..\eProsima\code\eProsima_c\eProsimaLog.c">
      <Filter>Source Files\eProsima</Filter>
    </ClCompile>
    <ClCompile Include="..\..\..\..\..\..\eProsima\code\eProsima_cpp\eProsimaLog.cpp">
      <Filter>Source Files\eProsima</Filter>
    </ClCompile>
    <ClCompile Include="..\..\..\src\reader\ipDefragmenter.cpp">
      <Filter>Source Files\reader</Filter>
    </ClCompile>
    <ClCompile Include="..\..\..\src\reader\pcapReader.cpp">
      <Filter>Source Files\reader</Filter>
    </ClCompile>
    <ClCompile Include="..\..\..\src\database\DynamicDataDB.cpp">
      <Filter>Source Files\database</Filter>
    </ClCompile>
    <ClCompile Include="..\..\..\src\database\EntitiesDB.cpp">
      <Filter>Source Files\database</Filter>
    </ClCompile>
    <ClCompile Include="..\..\..\src\database\TypeCodeDB.cpp">
      <Filter>Source Files\database</Filter>
    </ClCompile>
    <ClCompile Include="..\..\..\src\cdr\TypeCode.cpp">
      <Filter>Source Files\cdr</Filter>
    </ClCompile>
    <ClCompile Include="..\..\..\src\cdr\StructTypeCode.cpp">
      <Filter>Source Files\cdr</Filter>
    </ClCompile>
    <ClCompile Include="..\..\..\src\cdr\MemberedTypeCode.cpp">
      <Filter>Source Files\cdr</Filter>
    </ClCompile>
    <ClCompile Include="..\..\..\src\cdr\EnumTypeCode.cpp">
      <Filter>Source Files\cdr</Filter>
    </ClCompile>
    <ClCompile Include="..\..\..\src\util\IDLPrinter.cpp">
      <Filter>Source Files\util</Filter>
    </ClCompile>
    <ClCompile Include="..\..\..\src\cdr\PrimitiveTypeCode.cpp">
      <Filter>Source Files\cdr</Filter>
    </ClCompile>
    <ClCompile Include="..\..\..\src\cdr\StringTypeCode.cpp">
      <Filter>Source Files\cdr</Filter>
    </ClCompile>
    <ClCompile Include="..\..\..\src\cdr\ArrayTypeCode.cpp">
      <Filter>Source Files\cdr</Filter>
    </ClCompile>
    <ClCompile Include="..\..\..\src\cdr\ContentTypeCode.cpp">
      <Filter>Source Files\cdr</Filter>
    </ClCompile>
  </ItemGroup>
  <ItemGroup>
    <ClInclude Include="..\..\..\include\RTPSdump.h">
      <Filter>Header Files</Filter>
    </ClInclude>
    <ClInclude Include="..\..\..\include\RTPSPacketAnalyzer.h">
      <Filter>Header Files</Filter>
    </ClInclude>
    <ClInclude Include="..\..\..\..\..\..\eProsima\code\eProsima_cpp\eProsimaLog.h">
      <Filter>Header Files\eProsima</Filter>
    </ClInclude>
    <ClInclude Include="..\..\..\include\reader\ipDefragmenter.h">
      <Filter>Header Files\reader</Filter>
    </ClInclude>
    <ClInclude Include="..\..\..\include\reader\pcapReader.h">
      <Filter>Header Files\reader</Filter>
    </ClInclude>
    <ClInclude Include="..\..\..\include\database\DynamicDataDB.h">
      <Filter>Header Files\database</Filter>
    </ClInclude>
    <ClInclude Include="..\..\..\include\database\EntitiesDB.h">
      <Filter>Header Files\database</Filter>
    </ClInclude>
    <ClInclude Include="..\..\..\include\database\TypeCodeDB.h">
      <Filter>Header Files\database</Filter>
    </ClInclude>
    <ClInclude Include="..\..\..\include\cdr\TypeCode.h">
      <Filter>Header Files\cdr</Filter>
    </ClInclude>
    <ClInclude Include="..\..\..\include\cdr\MemberedTypeCode.h">
      <Filter>Header Files\cdr</Filter>
    </ClInclude>
    <ClInclude Include="..\..\..\include\cdr\StructTypeCode.h">
      <Filter>Header Files\cdr</Filter>
    </ClInclude>
    <ClInclude Include="..\..\..\include\cdr\PrimitiveTypeCode.h">
      <Filter>Header Files\cdr</Filter>
    </ClInclude>
    <ClInclude Include="..\..\..\include\cdr\EnumTypeCode.h">
      <Filter>Header Files\cdr</Filter>
    </ClInclude>
    <ClInclude Include="..\..\..\include\cdr\StringTypeCode.h">
      <Filter>Header Files\cdr</Filter>
    </ClInclude>
    <ClInclude Include="..\..\..\include\util\IDLPrinter.h">
      <Filter>Header Files\util</Filter>
    </ClInclude>
    <ClInclude Include="..\..\..\include\cdr\ArrayTypeCode.h">
      <Filter>Header Files\cdr</Filter>
    </ClInclude>
    <ClInclude Include="..\..\..\include\cdr\ContentTypeCode.h">
      <Filter>Header Files\cdr</Filter>
    </ClInclude>
  </ItemGroup>
  <ItemGroup>
    <ResourceCompile Include="..\..\..\src\RTPSdump.rc">
      <Filter>Resource Files</Filter>
    </ResourceCompile>
  </ItemGroup>
</Project>